// !$*UTF8*$!
{
	archiveVersion = 1;
	classes = {
	};
	objectVersion = 48;
	objects = {

/* Begin PBXBuildFile section */
		CB8251FE1FDA603D00267419 /* demo2.plist in Resources */ = {isa = PBXBuildFile; fileRef = CB8251FD1FDA603D00267419 /* demo2.plist */; };
		CB8252001FDA68D600267419 /* demo3.plist in Resources */ = {isa = PBXBuildFile; fileRef = CB8251FF1FDA68D600267419 /* demo3.plist */; };
		CB8252021FDA6B0B00267419 /* demo4.plist in Resources */ = {isa = PBXBuildFile; fileRef = CB8252011FDA6B0B00267419 /* demo4.plist */; };
		CB8252041FDA6BCE00267419 /* demo5.plist in Resources */ = {isa = PBXBuildFile; fileRef = CB8252031FDA6BCE00267419 /* demo5.plist */; };
		CB8252061FDA6C4E00267419 /* demo6.plist in Resources */ = {isa = PBXBuildFile; fileRef = CB8252051FDA6C4E00267419 /* demo6.plist */; };
		CB8252081FDA70BB00267419 /* demo7.plist in Resources */ = {isa = PBXBuildFile; fileRef = CB8252071FDA70BB00267419 /* demo7.plist */; };
		CBAFC3D51FEB578B007091AC /* demo10.plist in Resources */ = {isa = PBXBuildFile; fileRef = CBAFC3D41FEB578B007091AC /* demo10.plist */; };
		CBAFC3DF1FEBAF93007091AC /* demo11.plist in Resources */ = {isa = PBXBuildFile; fileRef = CBAFC3DE1FEBAF93007091AC /* demo11.plist */; };
		CBAFC3E61FEBB3A5007091AC /* ZFWriteViewController.m in Sources */ = {isa = PBXBuildFile; fileRef = CBAFC3E51FEBB3A5007091AC /* ZFWriteViewController.m */; };
		CBAFC3E81FEBDFEE007091AC /* demo12.plist in Resources */ = {isa = PBXBuildFile; fileRef = CBAFC3E71FEBDFEE007091AC /* demo12.plist */; };
		CBB2B74320187CC10059C4E9 /* NSObject+model.m in Sources */ = {isa = PBXBuildFile; fileRef = CBB2B74220187CC10059C4E9 /* NSObject+model.m */; };
		CBCD21E71FF0F4590034F374 /* ZFCustomTools.m in Sources */ = {isa = PBXBuildFile; fileRef = CBCD21CC1FF0F4590034F374 /* ZFCustomTools.m */; };
		CBCD21E81FF0F4590034F374 /* ZFImg.bundle in Resources */ = {isa = PBXBuildFile; fileRef = CBCD21CD1FF0F4590034F374 /* ZFImg.bundle */; };
		CBCD21E91FF0F4590034F374 /* ZFCustomModel.m in Sources */ = {isa = PBXBuildFile; fileRef = CBCD21D11FF0F4590034F374 /* ZFCustomModel.m */; };
		CBCD21EB1FF0F4590034F374 /* ZFCumtomView.m in Sources */ = {isa = PBXBuildFile; fileRef = CBCD21D61FF0F4590034F374 /* ZFCumtomView.m */; };
		CBCD21EC1FF0F4590034F374 /* ZFCustomCell.m in Sources */ = {isa = PBXBuildFile; fileRef = CBCD21D71FF0F4590034F374 /* ZFCustomCell.m */; };
		CBCD21ED1FF0F4590034F374 /* ZFBaseTableView.m in Sources */ = {isa = PBXBuildFile; fileRef = CBCD21DB1FF0F4590034F374 /* ZFBaseTableView.m */; };
		CBCD21EE1FF0F4590034F374 /* ZFItem.m in Sources */ = {isa = PBXBuildFile; fileRef = CBCD21DC1FF0F4590034F374 /* ZFItem.m */; };
		CBCD21EF1FF0F4590034F374 /* ZFTextView.m in Sources */ = {isa = PBXBuildFile; fileRef = CBCD21DE1FF0F4590034F374 /* ZFTextView.m */; };
		CBCD21F01FF0F4590034F374 /* ZFCustomTableView.m in Sources */ = {isa = PBXBuildFile; fileRef = CBCD21DF1FF0F4590034F374 /* ZFCustomTableView.m */; };
		CBCD21F11FF0F4590034F374 /* ZFSwithTableViewCell.m in Sources */ = {isa = PBXBuildFile; fileRef = CBCD21E01FF0F4590034F374 /* ZFSwithTableViewCell.m */; };
		CBCD21F21FF0F4590034F374 /* ZFTextViewCell.m in Sources */ = {isa = PBXBuildFile; fileRef = CBCD21E21FF0F4590034F374 /* ZFTextViewCell.m */; };
		CBCD21F31FF0F4590034F374 /* ZFTextField.m in Sources */ = {isa = PBXBuildFile; fileRef = CBCD21E61FF0F4590034F374 /* ZFTextField.m */; };
		CBD20F9D1FD797D3009ED740 /* AppDelegate.m in Sources */ = {isa = PBXBuildFile; fileRef = CBD20F9C1FD797D3009ED740 /* AppDelegate.m */; };
		CBD20FA01FD797D3009ED740 /* ViewController.m in Sources */ = {isa = PBXBuildFile; fileRef = CBD20F9F1FD797D3009ED740 /* ViewController.m */; };
		CBD20FA31FD797D3009ED740 /* Main.storyboard in Resources */ = {isa = PBXBuildFile; fileRef = CBD20FA11FD797D3009ED740 /* Main.storyboard */; };
		CBD20FA51FD797D3009ED740 /* Assets.xcassets in Resources */ = {isa = PBXBuildFile; fileRef = CBD20FA41FD797D3009ED740 /* Assets.xcassets */; };
		CBD20FA81FD797D3009ED740 /* LaunchScreen.storyboard in Resources */ = {isa = PBXBuildFile; fileRef = CBD20FA61FD797D3009ED740 /* LaunchScreen.storyboard */; };
		CBD20FAB1FD797D3009ED740 /* main.m in Sources */ = {isa = PBXBuildFile; fileRef = CBD20FAA1FD797D3009ED740 /* main.m */; };
		CBD20FB51FD797D3009ED740 /* ZFLayoutListViewTests.m in Sources */ = {isa = PBXBuildFile; fileRef = CBD20FB41FD797D3009ED740 /* ZFLayoutListViewTests.m */; };
		CBD20FC01FD797D3009ED740 /* ZFLayoutListViewUITests.m in Sources */ = {isa = PBXBuildFile; fileRef = CBD20FBF1FD797D3009ED740 /* ZFLayoutListViewUITests.m */; };
		CBD2115A1FD7DEA0009ED740 /* demo1.plist in Resources */ = {isa = PBXBuildFile; fileRef = CBD211591FD7DEA0009ED740 /* demo1.plist */; };
		CBD2115D1FD7DF28009ED740 /* ZFShowViewController.m in Sources */ = {isa = PBXBuildFile; fileRef = CBD2115C1FD7DF28009ED740 /* ZFShowViewController.m */; };
		CBE108021FEC92A5005A65A8 /* demo13.plist in Resources */ = {isa = PBXBuildFile; fileRef = CBE108011FEC92A5005A65A8 /* demo13.plist */; };
		CBEBFA271FEA4F5E0093E8CB /* demo8.plist in Resources */ = {isa = PBXBuildFile; fileRef = CBEBFA261FEA4F5E0093E8CB /* demo8.plist */; };
		CBEBFA2F1FEA56A20093E8CB /* demo9.plist in Resources */ = {isa = PBXBuildFile; fileRef = CBEBFA2E1FEA56A20093E8CB /* demo9.plist */; };
		ECE0B0D4CFC55EF0AE3FA094 /* Pods_ZFLayoutListView.framework in Frameworks */ = {isa = PBXBuildFile; fileRef = 25AD910499B70149EFBC049D /* Pods_ZFLayoutListView.framework */; };
/* End PBXBuildFile section */

/* Begin PBXContainerItemProxy section */
		CBD20FB11FD797D3009ED740 /* PBXContainerItemProxy */ = {
			isa = PBXContainerItemProxy;
			containerPortal = CBD20F901FD797D3009ED740 /* Project object */;
			proxyType = 1;
			remoteGlobalIDString = CBD20F971FD797D3009ED740;
			remoteInfo = ZFLayoutListView;
		};
		CBD20FBC1FD797D3009ED740 /* PBXContainerItemProxy */ = {
			isa = PBXContainerItemProxy;
			containerPortal = CBD20F901FD797D3009ED740 /* Project object */;
			proxyType = 1;
			remoteGlobalIDString = CBD20F971FD797D3009ED740;
			remoteInfo = ZFLayoutListView;
		};
/* End PBXContainerItemProxy section */

/* Begin PBXFileReference section */
		25AD910499B70149EFBC049D /* Pods_ZFLayoutListView.framework */ = {isa = PBXFileReference; explicitFileType = wrapper.framework; includeInIndex = 0; path = Pods_ZFLayoutListView.framework; sourceTree = BUILT_PRODUCTS_DIR; };
		8A8EA04B3012FA7353B68C6F /* Pods-ZFLayoutListView.release.xcconfig */ = {isa = PBXFileReference; includeInIndex = 1; lastKnownFileType = text.xcconfig; name = "Pods-ZFLayoutListView.release.xcconfig"; path = "Pods/Target Support Files/Pods-ZFLayoutListView/Pods-ZFLayoutListView.release.xcconfig"; sourceTree = "<group>"; };
		943E7A84DFCE33C081CFC29C /* Pods-ZFLayoutListView.debug.xcconfig */ = {isa = PBXFileReference; includeInIndex = 1; lastKnownFileType = text.xcconfig; name = "Pods-ZFLayoutListView.debug.xcconfig"; path = "Pods/Target Support Files/Pods-ZFLayoutListView/Pods-ZFLayoutListView.debug.xcconfig"; sourceTree = "<group>"; };
		CB8251FD1FDA603D00267419 /* demo2.plist */ = {isa = PBXFileReference; lastKnownFileType = text.plist.xml; path = demo2.plist; sourceTree = "<group>"; };
		CB8251FF1FDA68D600267419 /* demo3.plist */ = {isa = PBXFileReference; lastKnownFileType = text.plist.xml; path = demo3.plist; sourceTree = "<group>"; };
		CB8252011FDA6B0B00267419 /* demo4.plist */ = {isa = PBXFileReference; lastKnownFileType = text.plist.xml; path = demo4.plist; sourceTree = "<group>"; };
		CB8252031FDA6BCE00267419 /* demo5.plist */ = {isa = PBXFileReference; lastKnownFileType = text.plist.xml; path = demo5.plist; sourceTree = "<group>"; };
		CB8252051FDA6C4E00267419 /* demo6.plist */ = {isa = PBXFileReference; lastKnownFileType = text.plist.xml; path = demo6.plist; sourceTree = "<group>"; };
		CB8252071FDA70BB00267419 /* demo7.plist */ = {isa = PBXFileReference; lastKnownFileType = text.plist.xml; path = demo7.plist; sourceTree = "<group>"; };
		CBAFC3D41FEB578B007091AC /* demo10.plist */ = {isa = PBXFileReference; lastKnownFileType = text.plist.xml; path = demo10.plist; sourceTree = "<group>"; };
		CBAFC3DE1FEBAF93007091AC /* demo11.plist */ = {isa = PBXFileReference; lastKnownFileType = text.plist.xml; path = demo11.plist; sourceTree = "<group>"; };
		CBAFC3E41FEBB3A5007091AC /* ZFWriteViewController.h */ = {isa = PBXFileReference; lastKnownFileType = sourcecode.c.h; path = ZFWriteViewController.h; sourceTree = "<group>"; };
		CBAFC3E51FEBB3A5007091AC /* ZFWriteViewController.m */ = {isa = PBXFileReference; lastKnownFileType = sourcecode.c.objc; path = ZFWriteViewController.m; sourceTree = "<group>"; };
		CBAFC3E71FEBDFEE007091AC /* demo12.plist */ = {isa = PBXFileReference; lastKnownFileType = text.plist.xml; path = demo12.plist; sourceTree = "<group>"; };
		CBB2B74120187CC10059C4E9 /* NSObject+model.h */ = {isa = PBXFileReference; fileEncoding = 4; lastKnownFileType = sourcecode.c.h; path = "NSObject+model.h"; sourceTree = "<group>"; };
		CBB2B74220187CC10059C4E9 /* NSObject+model.m */ = {isa = PBXFileReference; fileEncoding = 4; lastKnownFileType = sourcecode.c.objc; path = "NSObject+model.m"; sourceTree = "<group>"; };
		CBCD21C91FF0F4590034F374 /* ZFCustomHeader.h */ = {isa = PBXFileReference; fileEncoding = 4; lastKnownFileType = sourcecode.c.h; path = ZFCustomHeader.h; sourceTree = "<group>"; };
		CBCD21CA1FF0F4590034F374 /* ZFConfig.h */ = {isa = PBXFileReference; fileEncoding = 4; lastKnownFileType = sourcecode.c.h; path = ZFConfig.h; sourceTree = "<group>"; };
		CBCD21CB1FF0F4590034F374 /* ZFCustomTools.h */ = {isa = PBXFileReference; fileEncoding = 4; lastKnownFileType = sourcecode.c.h; path = ZFCustomTools.h; sourceTree = "<group>"; };
		CBCD21CC1FF0F4590034F374 /* ZFCustomTools.m */ = {isa = PBXFileReference; fileEncoding = 4; lastKnownFileType = sourcecode.c.objc; path = ZFCustomTools.m; sourceTree = "<group>"; };
		CBCD21CD1FF0F4590034F374 /* ZFImg.bundle */ = {isa = PBXFileReference; lastKnownFileType = "wrapper.plug-in"; path = ZFImg.bundle; sourceTree = "<group>"; };
		CBCD21D01FF0F4590034F374 /* ZFCustomModel.h */ = {isa = PBXFileReference; fileEncoding = 4; lastKnownFileType = sourcecode.c.h; path = ZFCustomModel.h; sourceTree = "<group>"; };
		CBCD21D11FF0F4590034F374 /* ZFCustomModel.m */ = {isa = PBXFileReference; fileEncoding = 4; lastKnownFileType = sourcecode.c.objc; path = ZFCustomModel.m; sourceTree = "<group>"; };
		CBCD21D41FF0F4590034F374 /* ZFCustomTableView.h */ = {isa = PBXFileReference; fileEncoding = 4; lastKnownFileType = sourcecode.c.h; path = ZFCustomTableView.h; sourceTree = "<group>"; };
		CBCD21D51FF0F4590034F374 /* ZFTextView.h */ = {isa = PBXFileReference; fileEncoding = 4; lastKnownFileType = sourcecode.c.h; path = ZFTextView.h; sourceTree = "<group>"; };
		CBCD21D61FF0F4590034F374 /* ZFCumtomView.m */ = {isa = PBXFileReference; fileEncoding = 4; lastKnownFileType = sourcecode.c.objc; path = ZFCumtomView.m; sourceTree = "<group>"; };
		CBCD21D71FF0F4590034F374 /* ZFCustomCell.m */ = {isa = PBXFileReference; fileEncoding = 4; lastKnownFileType = sourcecode.c.objc; path = ZFCustomCell.m; sourceTree = "<group>"; };
		CBCD21D81FF0F4590034F374 /* ZFTextViewCell.h */ = {isa = PBXFileReference; fileEncoding = 4; lastKnownFileType = sourcecode.c.h; path = ZFTextViewCell.h; sourceTree = "<group>"; };
		CBCD21D91FF0F4590034F374 /* ZFSwithTableViewCell.h */ = {isa = PBXFileReference; fileEncoding = 4; lastKnownFileType = sourcecode.c.h; path = ZFSwithTableViewCell.h; sourceTree = "<group>"; };
		CBCD21DA1FF0F4590034F374 /* ZFTextField.h */ = {isa = PBXFileReference; fileEncoding = 4; lastKnownFileType = sourcecode.c.h; path = ZFTextField.h; sourceTree = "<group>"; };
		CBCD21DB1FF0F4590034F374 /* ZFBaseTableView.m */ = {isa = PBXFileReference; fileEncoding = 4; lastKnownFileType = sourcecode.c.objc; path = ZFBaseTableView.m; sourceTree = "<group>"; };
		CBCD21DC1FF0F4590034F374 /* ZFItem.m */ = {isa = PBXFileReference; fileEncoding = 4; lastKnownFileType = sourcecode.c.objc; path = ZFItem.m; sourceTree = "<group>"; };
		CBCD21DD1FF0F4590034F374 /* ZFTablViewProtocol.h */ = {isa = PBXFileReference; fileEncoding = 4; lastKnownFileType = sourcecode.c.h; path = ZFTablViewProtocol.h; sourceTree = "<group>"; };
		CBCD21DE1FF0F4590034F374 /* ZFTextView.m */ = {isa = PBXFileReference; fileEncoding = 4; lastKnownFileType = sourcecode.c.objc; path = ZFTextView.m; sourceTree = "<group>"; };
		CBCD21DF1FF0F4590034F374 /* ZFCustomTableView.m */ = {isa = PBXFileReference; fileEncoding = 4; lastKnownFileType = sourcecode.c.objc; path = ZFCustomTableView.m; sourceTree = "<group>"; };
		CBCD21E01FF0F4590034F374 /* ZFSwithTableViewCell.m */ = {isa = PBXFileReference; fileEncoding = 4; lastKnownFileType = sourcecode.c.objc; path = ZFSwithTableViewCell.m; sourceTree = "<group>"; };
		CBCD21E11FF0F4590034F374 /* ZFCustomCell.h */ = {isa = PBXFileReference; fileEncoding = 4; lastKnownFileType = sourcecode.c.h; path = ZFCustomCell.h; sourceTree = "<group>"; };
		CBCD21E21FF0F4590034F374 /* ZFTextViewCell.m */ = {isa = PBXFileReference; fileEncoding = 4; lastKnownFileType = sourcecode.c.objc; path = ZFTextViewCell.m; sourceTree = "<group>"; };
		CBCD21E31FF0F4590034F374 /* ZFCumtomView.h */ = {isa = PBXFileReference; fileEncoding = 4; lastKnownFileType = sourcecode.c.h; path = ZFCumtomView.h; sourceTree = "<group>"; };
		CBCD21E41FF0F4590034F374 /* ZFItem.h */ = {isa = PBXFileReference; fileEncoding = 4; lastKnownFileType = sourcecode.c.h; path = ZFItem.h; sourceTree = "<group>"; };
		CBCD21E51FF0F4590034F374 /* ZFBaseTableView.h */ = {isa = PBXFileReference; fileEncoding = 4; lastKnownFileType = sourcecode.c.h; path = ZFBaseTableView.h; sourceTree = "<group>"; };
		CBCD21E61FF0F4590034F374 /* ZFTextField.m */ = {isa = PBXFileReference; fileEncoding = 4; lastKnownFileType = sourcecode.c.objc; path = ZFTextField.m; sourceTree = "<group>"; };
		CBD20F981FD797D3009ED740 /* ZFLayoutListView.app */ = {isa = PBXFileReference; explicitFileType = wrapper.application; includeInIndex = 0; path = ZFLayoutListView.app; sourceTree = BUILT_PRODUCTS_DIR; };
		CBD20F9B1FD797D3009ED740 /* AppDelegate.h */ = {isa = PBXFileReference; lastKnownFileType = sourcecode.c.h; path = AppDelegate.h; sourceTree = "<group>"; };
		CBD20F9C1FD797D3009ED740 /* AppDelegate.m */ = {isa = PBXFileReference; lastKnownFileType = sourcecode.c.objc; path = AppDelegate.m; sourceTree = "<group>"; };
		CBD20F9E1FD797D3009ED740 /* ViewController.h */ = {isa = PBXFileReference; lastKnownFileType = sourcecode.c.h; path = ViewController.h; sourceTree = "<group>"; };
		CBD20F9F1FD797D3009ED740 /* ViewController.m */ = {isa = PBXFileReference; lastKnownFileType = sourcecode.c.objc; path = ViewController.m; sourceTree = "<group>"; };
		CBD20FA21FD797D3009ED740 /* Base */ = {isa = PBXFileReference; lastKnownFileType = file.storyboard; name = Base; path = Base.lproj/Main.storyboard; sourceTree = "<group>"; };
		CBD20FA41FD797D3009ED740 /* Assets.xcassets */ = {isa = PBXFileReference; lastKnownFileType = folder.assetcatalog; path = Assets.xcassets; sourceTree = "<group>"; };
		CBD20FA71FD797D3009ED740 /* Base */ = {isa = PBXFileReference; lastKnownFileType = file.storyboard; name = Base; path = Base.lproj/LaunchScreen.storyboard; sourceTree = "<group>"; };
		CBD20FA91FD797D3009ED740 /* Info.plist */ = {isa = PBXFileReference; lastKnownFileType = text.plist.xml; path = Info.plist; sourceTree = "<group>"; };
		CBD20FAA1FD797D3009ED740 /* main.m */ = {isa = PBXFileReference; lastKnownFileType = sourcecode.c.objc; path = main.m; sourceTree = "<group>"; };
		CBD20FB01FD797D3009ED740 /* ZFLayoutListViewTests.xctest */ = {isa = PBXFileReference; explicitFileType = wrapper.cfbundle; includeInIndex = 0; path = ZFLayoutListViewTests.xctest; sourceTree = BUILT_PRODUCTS_DIR; };
		CBD20FB41FD797D3009ED740 /* ZFLayoutListViewTests.m */ = {isa = PBXFileReference; lastKnownFileType = sourcecode.c.objc; path = ZFLayoutListViewTests.m; sourceTree = "<group>"; };
		CBD20FB61FD797D3009ED740 /* Info.plist */ = {isa = PBXFileReference; lastKnownFileType = text.plist.xml; path = Info.plist; sourceTree = "<group>"; };
		CBD20FBB1FD797D3009ED740 /* ZFLayoutListViewUITests.xctest */ = {isa = PBXFileReference; explicitFileType = wrapper.cfbundle; includeInIndex = 0; path = ZFLayoutListViewUITests.xctest; sourceTree = BUILT_PRODUCTS_DIR; };
		CBD20FBF1FD797D3009ED740 /* ZFLayoutListViewUITests.m */ = {isa = PBXFileReference; lastKnownFileType = sourcecode.c.objc; path = ZFLayoutListViewUITests.m; sourceTree = "<group>"; };
		CBD20FC11FD797D3009ED740 /* Info.plist */ = {isa = PBXFileReference; lastKnownFileType = text.plist.xml; path = Info.plist; sourceTree = "<group>"; };
		CBD20FE81FD7BC93009ED740 /* PrefixHeader.pch */ = {isa = PBXFileReference; lastKnownFileType = sourcecode.c.h; path = PrefixHeader.pch; sourceTree = "<group>"; };
		CBD211591FD7DEA0009ED740 /* demo1.plist */ = {isa = PBXFileReference; fileEncoding = 4; lastKnownFileType = text.plist.xml; path = demo1.plist; sourceTree = "<group>"; };
		CBD2115B1FD7DF28009ED740 /* ZFShowViewController.h */ = {isa = PBXFileReference; lastKnownFileType = sourcecode.c.h; path = ZFShowViewController.h; sourceTree = "<group>"; };
		CBD2115C1FD7DF28009ED740 /* ZFShowViewController.m */ = {isa = PBXFileReference; lastKnownFileType = sourcecode.c.objc; path = ZFShowViewController.m; sourceTree = "<group>"; };
		CBE108011FEC92A5005A65A8 /* demo13.plist */ = {isa = PBXFileReference; lastKnownFileType = text.plist.xml; path = demo13.plist; sourceTree = "<group>"; };
		CBEBFA261FEA4F5E0093E8CB /* demo8.plist */ = {isa = PBXFileReference; lastKnownFileType = text.plist.xml; path = demo8.plist; sourceTree = "<group>"; };
		CBEBFA2E1FEA56A20093E8CB /* demo9.plist */ = {isa = PBXFileReference; lastKnownFileType = text.plist.xml; path = demo9.plist; sourceTree = "<group>"; };
/* End PBXFileReference section */

/* Begin PBXFrameworksBuildPhase section */
		CBD20F951FD797D3009ED740 /* Frameworks */ = {
			isa = PBXFrameworksBuildPhase;
			buildActionMask = 2147483647;
			files = (
				ECE0B0D4CFC55EF0AE3FA094 /* Pods_ZFLayoutListView.framework in Frameworks */,
			);
			runOnlyForDeploymentPostprocessing = 0;
		};
		CBD20FAD1FD797D3009ED740 /* Frameworks */ = {
			isa = PBXFrameworksBuildPhase;
			buildActionMask = 2147483647;
			files = (
			);
			runOnlyForDeploymentPostprocessing = 0;
		};
		CBD20FB81FD797D3009ED740 /* Frameworks */ = {
			isa = PBXFrameworksBuildPhase;
			buildActionMask = 2147483647;
			files = (
			);
			runOnlyForDeploymentPostprocessing = 0;
		};
/* End PBXFrameworksBuildPhase section */

/* Begin PBXGroup section */
		03F030AA681899A0B940BAF4 /* Frameworks */ = {
			isa = PBXGroup;
			children = (
				25AD910499B70149EFBC049D /* Pods_ZFLayoutListView.framework */,
			);
			name = Frameworks;
			sourceTree = "<group>";
		};
		1C8382868E7C114073E52788 /* Pods */ = {
			isa = PBXGroup;
			children = (
				943E7A84DFCE33C081CFC29C /* Pods-ZFLayoutListView.debug.xcconfig */,
				8A8EA04B3012FA7353B68C6F /* Pods-ZFLayoutListView.release.xcconfig */,
			);
			name = Pods;
			sourceTree = "<group>";
		};
		CBCD21C71FF0F4590034F374 /* ZFListView */ = {
			isa = PBXGroup;
			children = (
				CBCD21C81FF0F4590034F374 /* Tools */,
				CBCD21CD1FF0F4590034F374 /* ZFImg.bundle */,
				CBCD21CE1FF0F4590034F374 /* Controller */,
				CBCD21CF1FF0F4590034F374 /* Model */,
				CBCD21D21FF0F4590034F374 /* View */,
			);
			path = ZFListView;
			sourceTree = "<group>";
		};
		CBCD21C81FF0F4590034F374 /* Tools */ = {
			isa = PBXGroup;
			children = (
				CBB2B74120187CC10059C4E9 /* NSObject+model.h */,
				CBB2B74220187CC10059C4E9 /* NSObject+model.m */,
				CBCD21C91FF0F4590034F374 /* ZFCustomHeader.h */,
				CBCD21CA1FF0F4590034F374 /* ZFConfig.h */,
				CBCD21CB1FF0F4590034F374 /* ZFCustomTools.h */,
				CBCD21CC1FF0F4590034F374 /* ZFCustomTools.m */,
			);
			path = Tools;
			sourceTree = "<group>";
		};
		CBCD21CE1FF0F4590034F374 /* Controller */ = {
			isa = PBXGroup;
			children = (
			);
			path = Controller;
			sourceTree = "<group>";
		};
		CBCD21CF1FF0F4590034F374 /* Model */ = {
			isa = PBXGroup;
			children = (
				CBCD21D01FF0F4590034F374 /* ZFCustomModel.h */,
				CBCD21D11FF0F4590034F374 /* ZFCustomModel.m */,
			);
			path = Model;
			sourceTree = "<group>";
		};
		CBCD21D21FF0F4590034F374 /* View */ = {
			isa = PBXGroup;
			children = (
				CBCD21E51FF0F4590034F374 /* ZFBaseTableView.h */,
				CBCD21DB1FF0F4590034F374 /* ZFBaseTableView.m */,
				CBCD21D41FF0F4590034F374 /* ZFCustomTableView.h */,
				CBCD21DF1FF0F4590034F374 /* ZFCustomTableView.m */,
				CBCD21D51FF0F4590034F374 /* ZFTextView.h */,
				CBCD21DE1FF0F4590034F374 /* ZFTextView.m */,
				CBCD21DA1FF0F4590034F374 /* ZFTextField.h */,
				CBCD21E61FF0F4590034F374 /* ZFTextField.m */,
				CBCD21E31FF0F4590034F374 /* ZFCumtomView.h */,
				CBCD21D61FF0F4590034F374 /* ZFCumtomView.m */,
				CBCD21E11FF0F4590034F374 /* ZFCustomCell.h */,
				CBCD21D71FF0F4590034F374 /* ZFCustomCell.m */,
				CBCD21D81FF0F4590034F374 /* ZFTextViewCell.h */,
				CBCD21E21FF0F4590034F374 /* ZFTextViewCell.m */,
				CBCD21E41FF0F4590034F374 /* ZFItem.h */,
				CBCD21DC1FF0F4590034F374 /* ZFItem.m */,
				CBCD21DD1FF0F4590034F374 /* ZFTablViewProtocol.h */,
				CBCD21D91FF0F4590034F374 /* ZFSwithTableViewCell.h */,
				CBCD21E01FF0F4590034F374 /* ZFSwithTableViewCell.m */,
			);
			path = View;
			sourceTree = "<group>";
		};
		CBD20F8F1FD797D3009ED740 = {
			isa = PBXGroup;
			children = (
				CBD20F9A1FD797D3009ED740 /* ZFLayoutListView */,
				CBD20FB31FD797D3009ED740 /* ZFLayoutListViewTests */,
				CBD20FBE1FD797D3009ED740 /* ZFLayoutListViewUITests */,
				CBD20F991FD797D3009ED740 /* Products */,
				1C8382868E7C114073E52788 /* Pods */,
				03F030AA681899A0B940BAF4 /* Frameworks */,
			);
			sourceTree = "<group>";
		};
		CBD20F991FD797D3009ED740 /* Products */ = {
			isa = PBXGroup;
			children = (
				CBD20F981FD797D3009ED740 /* ZFLayoutListView.app */,
				CBD20FB01FD797D3009ED740 /* ZFLayoutListViewTests.xctest */,
				CBD20FBB1FD797D3009ED740 /* ZFLayoutListViewUITests.xctest */,
			);
			name = Products;
			sourceTree = "<group>";
		};
		CBD20F9A1FD797D3009ED740 /* ZFLayoutListView */ = {
			isa = PBXGroup;
			children = (
				CBD211581FD7DEA0009ED740 /* Plist */,
				CBD20F9B1FD797D3009ED740 /* AppDelegate.h */,
				CBD20F9C1FD797D3009ED740 /* AppDelegate.m */,
				CBCD21C71FF0F4590034F374 /* ZFListView */,
				CBD20F9E1FD797D3009ED740 /* ViewController.h */,
				CBD20F9F1FD797D3009ED740 /* ViewController.m */,
				CBD2115B1FD7DF28009ED740 /* ZFShowViewController.h */,
				CBD2115C1FD7DF28009ED740 /* ZFShowViewController.m */,
				CBAFC3E41FEBB3A5007091AC /* ZFWriteViewController.h */,
				CBAFC3E51FEBB3A5007091AC /* ZFWriteViewController.m */,
				CBD20FA11FD797D3009ED740 /* Main.storyboard */,
				CBD20FA41FD797D3009ED740 /* Assets.xcassets */,
				CBD20FA61FD797D3009ED740 /* LaunchScreen.storyboard */,
				CBD20FA91FD797D3009ED740 /* Info.plist */,
				CBD20FAA1FD797D3009ED740 /* main.m */,
				CBD20FE81FD7BC93009ED740 /* PrefixHeader.pch */,
			);
			path = ZFLayoutListView;
			sourceTree = "<group>";
		};
		CBD20FB31FD797D3009ED740 /* ZFLayoutListViewTests */ = {
			isa = PBXGroup;
			children = (
				CBD20FB41FD797D3009ED740 /* ZFLayoutListViewTests.m */,
				CBD20FB61FD797D3009ED740 /* Info.plist */,
			);
			path = ZFLayoutListViewTests;
			sourceTree = "<group>";
		};
		CBD20FBE1FD797D3009ED740 /* ZFLayoutListViewUITests */ = {
			isa = PBXGroup;
			children = (
				CBD20FBF1FD797D3009ED740 /* ZFLayoutListViewUITests.m */,
				CBD20FC11FD797D3009ED740 /* Info.plist */,
			);
			path = ZFLayoutListViewUITests;
			sourceTree = "<group>";
		};
		CBD211581FD7DEA0009ED740 /* Plist */ = {
			isa = PBXGroup;
			children = (
				CBD211591FD7DEA0009ED740 /* demo1.plist */,
				CB8251FD1FDA603D00267419 /* demo2.plist */,
				CB8251FF1FDA68D600267419 /* demo3.plist */,
				CB8252011FDA6B0B00267419 /* demo4.plist */,
				CB8252031FDA6BCE00267419 /* demo5.plist */,
				CB8252051FDA6C4E00267419 /* demo6.plist */,
				CB8252071FDA70BB00267419 /* demo7.plist */,
				CBEBFA261FEA4F5E0093E8CB /* demo8.plist */,
				CBEBFA2E1FEA56A20093E8CB /* demo9.plist */,
				CBAFC3D41FEB578B007091AC /* demo10.plist */,
				CBAFC3DE1FEBAF93007091AC /* demo11.plist */,
				CBAFC3E71FEBDFEE007091AC /* demo12.plist */,
				CBE108011FEC92A5005A65A8 /* demo13.plist */,
			);
			path = Plist;
			sourceTree = "<group>";
		};
/* End PBXGroup section */

/* Begin PBXNativeTarget section */
		CBD20F971FD797D3009ED740 /* ZFLayoutListView */ = {
			isa = PBXNativeTarget;
			buildConfigurationList = CBD20FC41FD797D3009ED740 /* Build configuration list for PBXNativeTarget "ZFLayoutListView" */;
			buildPhases = (
				B4C83D5725E9CAED7E7D2447 /* [CP] Check Pods Manifest.lock */,
				CBD20F941FD797D3009ED740 /* Sources */,
				CBD20F951FD797D3009ED740 /* Frameworks */,
				CBD20F961FD797D3009ED740 /* Resources */,
				A61CB0DBA7B71DBFF5B61DA6 /* [CP] Embed Pods Frameworks */,
				B78B6ADA9B11B46CA317DB88 /* [CP] Copy Pods Resources */,
			);
			buildRules = (
			);
			dependencies = (
			);
			name = ZFLayoutListView;
			productName = ZFLayoutListView;
			productReference = CBD20F981FD797D3009ED740 /* ZFLayoutListView.app */;
			productType = "com.apple.product-type.application";
		};
		CBD20FAF1FD797D3009ED740 /* ZFLayoutListViewTests */ = {
			isa = PBXNativeTarget;
			buildConfigurationList = CBD20FC71FD797D3009ED740 /* Build configuration list for PBXNativeTarget "ZFLayoutListViewTests" */;
			buildPhases = (
				CBD20FAC1FD797D3009ED740 /* Sources */,
				CBD20FAD1FD797D3009ED740 /* Frameworks */,
				CBD20FAE1FD797D3009ED740 /* Resources */,
			);
			buildRules = (
			);
			dependencies = (
				CBD20FB21FD797D3009ED740 /* PBXTargetDependency */,
			);
			name = ZFLayoutListViewTests;
			productName = ZFLayoutListViewTests;
			productReference = CBD20FB01FD797D3009ED740 /* ZFLayoutListViewTests.xctest */;
			productType = "com.apple.product-type.bundle.unit-test";
		};
		CBD20FBA1FD797D3009ED740 /* ZFLayoutListViewUITests */ = {
			isa = PBXNativeTarget;
			buildConfigurationList = CBD20FCA1FD797D3009ED740 /* Build configuration list for PBXNativeTarget "ZFLayoutListViewUITests" */;
			buildPhases = (
				CBD20FB71FD797D3009ED740 /* Sources */,
				CBD20FB81FD797D3009ED740 /* Frameworks */,
				CBD20FB91FD797D3009ED740 /* Resources */,
			);
			buildRules = (
			);
			dependencies = (
				CBD20FBD1FD797D3009ED740 /* PBXTargetDependency */,
			);
			name = ZFLayoutListViewUITests;
			productName = ZFLayoutListViewUITests;
			productReference = CBD20FBB1FD797D3009ED740 /* ZFLayoutListViewUITests.xctest */;
			productType = "com.apple.product-type.bundle.ui-testing";
		};
/* End PBXNativeTarget section */

/* Begin PBXProject section */
		CBD20F901FD797D3009ED740 /* Project object */ = {
			isa = PBXProject;
			attributes = {
				LastUpgradeCheck = 0910;
				ORGANIZATIONNAME = linzaifei;
				TargetAttributes = {
					CBD20F971FD797D3009ED740 = {
						CreatedOnToolsVersion = 9.1;
						ProvisioningStyle = Automatic;
						SystemCapabilities = {
							com.apple.BackgroundModes = {
								enabled = 0;
							};
						};
					};
					CBD20FAF1FD797D3009ED740 = {
						CreatedOnToolsVersion = 9.1;
						ProvisioningStyle = Automatic;
						TestTargetID = CBD20F971FD797D3009ED740;
					};
					CBD20FBA1FD797D3009ED740 = {
						CreatedOnToolsVersion = 9.1;
						ProvisioningStyle = Automatic;
						TestTargetID = CBD20F971FD797D3009ED740;
					};
				};
			};
			buildConfigurationList = CBD20F931FD797D3009ED740 /* Build configuration list for PBXProject "ZFLayoutListView" */;
			compatibilityVersion = "Xcode 8.0";
			developmentRegion = en;
			hasScannedForEncodings = 0;
			knownRegions = (
				en,
				Base,
			);
			mainGroup = CBD20F8F1FD797D3009ED740;
			productRefGroup = CBD20F991FD797D3009ED740 /* Products */;
			projectDirPath = "";
			projectRoot = "";
			targets = (
				CBD20F971FD797D3009ED740 /* ZFLayoutListView */,
				CBD20FAF1FD797D3009ED740 /* ZFLayoutListViewTests */,
				CBD20FBA1FD797D3009ED740 /* ZFLayoutListViewUITests */,
			);
		};
/* End PBXProject section */

/* Begin PBXResourcesBuildPhase section */
		CBD20F961FD797D3009ED740 /* Resources */ = {
			isa = PBXResourcesBuildPhase;
			buildActionMask = 2147483647;
			files = (
				CB8252081FDA70BB00267419 /* demo7.plist in Resources */,
				CB8252001FDA68D600267419 /* demo3.plist in Resources */,
				CB8252041FDA6BCE00267419 /* demo5.plist in Resources */,
				CBE108021FEC92A5005A65A8 /* demo13.plist in Resources */,
				CBD20FA81FD797D3009ED740 /* LaunchScreen.storyboard in Resources */,
				CB8252061FDA6C4E00267419 /* demo6.plist in Resources */,
				CBD20FA51FD797D3009ED740 /* Assets.xcassets in Resources */,
				CBD20FA31FD797D3009ED740 /* Main.storyboard in Resources */,
				CBAFC3D51FEB578B007091AC /* demo10.plist in Resources */,
				CB8251FE1FDA603D00267419 /* demo2.plist in Resources */,
				CB8252021FDA6B0B00267419 /* demo4.plist in Resources */,
				CBEBFA271FEA4F5E0093E8CB /* demo8.plist in Resources */,
				CBEBFA2F1FEA56A20093E8CB /* demo9.plist in Resources */,
				CBCD21E81FF0F4590034F374 /* ZFImg.bundle in Resources */,
				CBD2115A1FD7DEA0009ED740 /* demo1.plist in Resources */,
				CBAFC3E81FEBDFEE007091AC /* demo12.plist in Resources */,
				CBAFC3DF1FEBAF93007091AC /* demo11.plist in Resources */,
			);
			runOnlyForDeploymentPostprocessing = 0;
		};
		CBD20FAE1FD797D3009ED740 /* Resources */ = {
			isa = PBXResourcesBuildPhase;
			buildActionMask = 2147483647;
			files = (
			);
			runOnlyForDeploymentPostprocessing = 0;
		};
		CBD20FB91FD797D3009ED740 /* Resources */ = {
			isa = PBXResourcesBuildPhase;
			buildActionMask = 2147483647;
			files = (
			);
			runOnlyForDeploymentPostprocessing = 0;
		};
/* End PBXResourcesBuildPhase section */

/* Begin PBXShellScriptBuildPhase section */
		A61CB0DBA7B71DBFF5B61DA6 /* [CP] Embed Pods Frameworks */ = {
			isa = PBXShellScriptBuildPhase;
			buildActionMask = 2147483647;
			files = (
			);
			inputPaths = (
				"${SRCROOT}/Pods/Target Support Files/Pods-ZFLayoutListView/Pods-ZFLayoutListView-frameworks.sh",
				"${BUILT_PRODUCTS_DIR}/IQKeyboardManager/IQKeyboardManager.framework",
				"${BUILT_PRODUCTS_DIR}/MJExtension/MJExtension.framework",
				"${BUILT_PRODUCTS_DIR}/Masonry/Masonry.framework",
				"${BUILT_PRODUCTS_DIR}/ReactiveObjC/ReactiveObjC.framework",
			);
			name = "[CP] Embed Pods Frameworks";
			outputPaths = (
				"${TARGET_BUILD_DIR}/${FRAMEWORKS_FOLDER_PATH}/IQKeyboardManager.framework",
				"${TARGET_BUILD_DIR}/${FRAMEWORKS_FOLDER_PATH}/MJExtension.framework",
				"${TARGET_BUILD_DIR}/${FRAMEWORKS_FOLDER_PATH}/Masonry.framework",
				"${TARGET_BUILD_DIR}/${FRAMEWORKS_FOLDER_PATH}/ReactiveObjC.framework",
			);
			runOnlyForDeploymentPostprocessing = 0;
			shellPath = /bin/sh;
			shellScript = "\"${SRCROOT}/Pods/Target Support Files/Pods-ZFLayoutListView/Pods-ZFLayoutListView-frameworks.sh\"\n";
			showEnvVarsInLog = 0;
		};
		B4C83D5725E9CAED7E7D2447 /* [CP] Check Pods Manifest.lock */ = {
			isa = PBXShellScriptBuildPhase;
			buildActionMask = 2147483647;
			files = (
			);
			inputPaths = (
				"${PODS_PODFILE_DIR_PATH}/Podfile.lock",
				"${PODS_ROOT}/Manifest.lock",
			);
			name = "[CP] Check Pods Manifest.lock";
			outputPaths = (
				"$(DERIVED_FILE_DIR)/Pods-ZFLayoutListView-checkManifestLockResult.txt",
			);
			runOnlyForDeploymentPostprocessing = 0;
			shellPath = /bin/sh;
			shellScript = "diff \"${PODS_PODFILE_DIR_PATH}/Podfile.lock\" \"${PODS_ROOT}/Manifest.lock\" > /dev/null\nif [ $? != 0 ] ; then\n    # print error to STDERR\n    echo \"error: The sandbox is not in sync with the Podfile.lock. Run 'pod install' or update your CocoaPods installation.\" >&2\n    exit 1\nfi\n# This output is used by Xcode 'outputs' to avoid re-running this script phase.\necho \"SUCCESS\" > \"${SCRIPT_OUTPUT_FILE_0}\"\n";
			showEnvVarsInLog = 0;
		};
		B78B6ADA9B11B46CA317DB88 /* [CP] Copy Pods Resources */ = {
			isa = PBXShellScriptBuildPhase;
			buildActionMask = 2147483647;
			files = (
			);
			inputPaths = (
			);
			name = "[CP] Copy Pods Resources";
			outputPaths = (
			);
			runOnlyForDeploymentPostprocessing = 0;
			shellPath = /bin/sh;
			shellScript = "\"${SRCROOT}/Pods/Target Support Files/Pods-ZFLayoutListView/Pods-ZFLayoutListView-resources.sh\"\n";
			showEnvVarsInLog = 0;
		};
/* End PBXShellScriptBuildPhase section */

/* Begin PBXSourcesBuildPhase section */
		CBD20F941FD797D3009ED740 /* Sources */ = {
			isa = PBXSourcesBuildPhase;
			buildActionMask = 2147483647;
			files = (
				CBCD21EB1FF0F4590034F374 /* ZFCumtomView.m in Sources */,
				CBD20FA01FD797D3009ED740 /* ViewController.m in Sources */,
				CBD20FAB1FD797D3009ED740 /* main.m in Sources */,
				CBCD21E71FF0F4590034F374 /* ZFCustomTools.m in Sources */,
				CBCD21E91FF0F4590034F374 /* ZFCustomModel.m in Sources */,
				CBCD21EE1FF0F4590034F374 /* ZFItem.m in Sources */,
				CBCD21ED1FF0F4590034F374 /* ZFBaseTableView.m in Sources */,
				CBCD21F01FF0F4590034F374 /* ZFCustomTableView.m in Sources */,
				CBCD21EC1FF0F4590034F374 /* ZFCustomCell.m in Sources */,
				CBD2115D1FD7DF28009ED740 /* ZFShowViewController.m in Sources */,
				CBCD21F21FF0F4590034F374 /* ZFTextViewCell.m in Sources */,
				CBAFC3E61FEBB3A5007091AC /* ZFWriteViewController.m in Sources */,
				CBCD21F11FF0F4590034F374 /* ZFSwithTableViewCell.m in Sources */,
				CBD20F9D1FD797D3009ED740 /* AppDelegate.m in Sources */,
				CBCD21EF1FF0F4590034F374 /* ZFTextView.m in Sources */,
				CBB2B74320187CC10059C4E9 /* NSObject+model.m in Sources */,
				CBCD21F31FF0F4590034F374 /* ZFTextField.m in Sources */,
			);
			runOnlyForDeploymentPostprocessing = 0;
		};
		CBD20FAC1FD797D3009ED740 /* Sources */ = {
			isa = PBXSourcesBuildPhase;
			buildActionMask = 2147483647;
			files = (
				CBD20FB51FD797D3009ED740 /* ZFLayoutListViewTests.m in Sources */,
			);
			runOnlyForDeploymentPostprocessing = 0;
		};
		CBD20FB71FD797D3009ED740 /* Sources */ = {
			isa = PBXSourcesBuildPhase;
			buildActionMask = 2147483647;
			files = (
				CBD20FC01FD797D3009ED740 /* ZFLayoutListViewUITests.m in Sources */,
			);
			runOnlyForDeploymentPostprocessing = 0;
		};
/* End PBXSourcesBuildPhase section */

/* Begin PBXTargetDependency section */
		CBD20FB21FD797D3009ED740 /* PBXTargetDependency */ = {
			isa = PBXTargetDependency;
			target = CBD20F971FD797D3009ED740 /* ZFLayoutListView */;
			targetProxy = CBD20FB11FD797D3009ED740 /* PBXContainerItemProxy */;
		};
		CBD20FBD1FD797D3009ED740 /* PBXTargetDependency */ = {
			isa = PBXTargetDependency;
			target = CBD20F971FD797D3009ED740 /* ZFLayoutListView */;
			targetProxy = CBD20FBC1FD797D3009ED740 /* PBXContainerItemProxy */;
		};
/* End PBXTargetDependency section */

/* Begin PBXVariantGroup section */
		CBD20FA11FD797D3009ED740 /* Main.storyboard */ = {
			isa = PBXVariantGroup;
			children = (
				CBD20FA21FD797D3009ED740 /* Base */,
			);
			name = Main.storyboard;
			sourceTree = "<group>";
		};
		CBD20FA61FD797D3009ED740 /* LaunchScreen.storyboard */ = {
			isa = PBXVariantGroup;
			children = (
				CBD20FA71FD797D3009ED740 /* Base */,
			);
			name = LaunchScreen.storyboard;
			sourceTree = "<group>";
		};
/* End PBXVariantGroup section */

/* Begin XCBuildConfiguration section */
		CBD20FC21FD797D3009ED740 /* Debug */ = {
			isa = XCBuildConfiguration;
			buildSettings = {
				ALWAYS_SEARCH_USER_PATHS = NO;
				CLANG_ANALYZER_NONNULL = YES;
				CLANG_ANALYZER_NUMBER_OBJECT_CONVERSION = YES_AGGRESSIVE;
				CLANG_CXX_LANGUAGE_STANDARD = "gnu++14";
				CLANG_CXX_LIBRARY = "libc++";
				CLANG_ENABLE_MODULES = YES;
				CLANG_ENABLE_OBJC_ARC = YES;
				CLANG_WARN_BLOCK_CAPTURE_AUTORELEASING = YES;
				CLANG_WARN_BOOL_CONVERSION = YES;
				CLANG_WARN_COMMA = YES;
				CLANG_WARN_CONSTANT_CONVERSION = YES;
				CLANG_WARN_DIRECT_OBJC_ISA_USAGE = YES_ERROR;
				CLANG_WARN_DOCUMENTATION_COMMENTS = YES;
				CLANG_WARN_EMPTY_BODY = YES;
				CLANG_WARN_ENUM_CONVERSION = YES;
				CLANG_WARN_INFINITE_RECURSION = YES;
				CLANG_WARN_INT_CONVERSION = YES;
				CLANG_WARN_NON_LITERAL_NULL_CONVERSION = YES;
				CLANG_WARN_OBJC_LITERAL_CONVERSION = YES;
				CLANG_WARN_OBJC_ROOT_CLASS = YES_ERROR;
				CLANG_WARN_RANGE_LOOP_ANALYSIS = YES;
				CLANG_WARN_STRICT_PROTOTYPES = YES;
				CLANG_WARN_SUSPICIOUS_MOVE = YES;
				CLANG_WARN_UNGUARDED_AVAILABILITY = YES_AGGRESSIVE;
				CLANG_WARN_UNREACHABLE_CODE = YES;
				CLANG_WARN__DUPLICATE_METHOD_MATCH = YES;
				CODE_SIGN_IDENTITY = "iPhone Developer";
				COPY_PHASE_STRIP = NO;
				DEBUG_INFORMATION_FORMAT = dwarf;
				ENABLE_STRICT_OBJC_MSGSEND = YES;
				ENABLE_TESTABILITY = YES;
				GCC_C_LANGUAGE_STANDARD = gnu11;
				GCC_DYNAMIC_NO_PIC = NO;
				GCC_NO_COMMON_BLOCKS = YES;
				GCC_OPTIMIZATION_LEVEL = 0;
				GCC_PREPROCESSOR_DEFINITIONS = (
					"DEBUG=1",
					"$(inherited)",
				);
				GCC_WARN_64_TO_32_BIT_CONVERSION = YES;
				GCC_WARN_ABOUT_RETURN_TYPE = YES_ERROR;
				GCC_WARN_UNDECLARED_SELECTOR = YES;
				GCC_WARN_UNINITIALIZED_AUTOS = YES_AGGRESSIVE;
				GCC_WARN_UNUSED_FUNCTION = YES;
				GCC_WARN_UNUSED_VARIABLE = YES;
				IPHONEOS_DEPLOYMENT_TARGET = 11.1;
				MTL_ENABLE_DEBUG_INFO = YES;
				ONLY_ACTIVE_ARCH = YES;
				SDKROOT = iphoneos;
			};
			name = Debug;
		};
		CBD20FC31FD797D3009ED740 /* Release */ = {
			isa = XCBuildConfiguration;
			buildSettings = {
				ALWAYS_SEARCH_USER_PATHS = NO;
				CLANG_ANALYZER_NONNULL = YES;
				CLANG_ANALYZER_NUMBER_OBJECT_CONVERSION = YES_AGGRESSIVE;
				CLANG_CXX_LANGUAGE_STANDARD = "gnu++14";
				CLANG_CXX_LIBRARY = "libc++";
				CLANG_ENABLE_MODULES = YES;
				CLANG_ENABLE_OBJC_ARC = YES;
				CLANG_WARN_BLOCK_CAPTURE_AUTORELEASING = YES;
				CLANG_WARN_BOOL_CONVERSION = YES;
				CLANG_WARN_COMMA = YES;
				CLANG_WARN_CONSTANT_CONVERSION = YES;
				CLANG_WARN_DIRECT_OBJC_ISA_USAGE = YES_ERROR;
				CLANG_WARN_DOCUMENTATION_COMMENTS = YES;
				CLANG_WARN_EMPTY_BODY = YES;
				CLANG_WARN_ENUM_CONVERSION = YES;
				CLANG_WARN_INFINITE_RECURSION = YES;
				CLANG_WARN_INT_CONVERSION = YES;
				CLANG_WARN_NON_LITERAL_NULL_CONVERSION = YES;
				CLANG_WARN_OBJC_LITERAL_CONVERSION = YES;
				CLANG_WARN_OBJC_ROOT_CLASS = YES_ERROR;
				CLANG_WARN_RANGE_LOOP_ANALYSIS = YES;
				CLANG_WARN_STRICT_PROTOTYPES = YES;
				CLANG_WARN_SUSPICIOUS_MOVE = YES;
				CLANG_WARN_UNGUARDED_AVAILABILITY = YES_AGGRESSIVE;
				CLANG_WARN_UNREACHABLE_CODE = YES;
				CLANG_WARN__DUPLICATE_METHOD_MATCH = YES;
				CODE_SIGN_IDENTITY = "iPhone Developer";
				COPY_PHASE_STRIP = NO;
				DEBUG_INFORMATION_FORMAT = "dwarf-with-dsym";
				ENABLE_NS_ASSERTIONS = NO;
				ENABLE_STRICT_OBJC_MSGSEND = YES;
				GCC_C_LANGUAGE_STANDARD = gnu11;
				GCC_NO_COMMON_BLOCKS = YES;
				GCC_WARN_64_TO_32_BIT_CONVERSION = YES;
				GCC_WARN_ABOUT_RETURN_TYPE = YES_ERROR;
				GCC_WARN_UNDECLARED_SELECTOR = YES;
				GCC_WARN_UNINITIALIZED_AUTOS = YES_AGGRESSIVE;
				GCC_WARN_UNUSED_FUNCTION = YES;
				GCC_WARN_UNUSED_VARIABLE = YES;
				IPHONEOS_DEPLOYMENT_TARGET = 11.1;
				MTL_ENABLE_DEBUG_INFO = NO;
				SDKROOT = iphoneos;
				VALIDATE_PRODUCT = YES;
			};
			name = Release;
		};
		CBD20FC51FD797D3009ED740 /* Debug */ = {
			isa = XCBuildConfiguration;
			baseConfigurationReference = 943E7A84DFCE33C081CFC29C /* Pods-ZFLayoutListView.debug.xcconfig */;
			buildSettings = {
				ASSETCATALOG_COMPILER_APPICON_NAME = AppIcon;
				CODE_SIGN_STYLE = Automatic;
				DEVELOPMENT_TEAM = E6233Y4S2J;
				GCC_PRECOMPILE_PREFIX_HEADER = YES;
				GCC_PREFIX_HEADER = "$(SRCROOT)/ZFLayoutListView/PrefixHeader.pch";
				INFOPLIST_FILE = ZFLayoutListView/Info.plist;
				IPHONEOS_DEPLOYMENT_TARGET = 9.0;
				LD_RUNPATH_SEARCH_PATHS = "$(inherited) @executable_path/Frameworks";
				PRODUCT_BUNDLE_IDENTIFIER = linzaifei.ZFLayoutListView;
				PRODUCT_NAME = "$(TARGET_NAME)";
				TARGETED_DEVICE_FAMILY = "1,2";
			};
			name = Debug;
		};
		CBD20FC61FD797D3009ED740 /* Release */ = {
			isa = XCBuildConfiguration;
			baseConfigurationReference = 8A8EA04B3012FA7353B68C6F /* Pods-ZFLayoutListView.release.xcconfig */;
			buildSettings = {
				ASSETCATALOG_COMPILER_APPICON_NAME = AppIcon;
				CODE_SIGN_STYLE = Automatic;
				DEVELOPMENT_TEAM = E6233Y4S2J;
				GCC_PRECOMPILE_PREFIX_HEADER = YES;
				GCC_PREFIX_HEADER = "$(SRCROOT)/ZFLayoutListView/PrefixHeader.pch";
				INFOPLIST_FILE = ZFLayoutListView/Info.plist;
				IPHONEOS_DEPLOYMENT_TARGET = 9.0;
				LD_RUNPATH_SEARCH_PATHS = "$(inherited) @executable_path/Frameworks";
				PRODUCT_BUNDLE_IDENTIFIER = linzaifei.ZFLayoutListView;
				PRODUCT_NAME = "$(TARGET_NAME)";
				TARGETED_DEVICE_FAMILY = "1,2";
			};
			name = Release;
		};
		CBD20FC81FD797D3009ED740 /* Debug */ = {
			isa = XCBuildConfiguration;
			buildSettings = {
				BUNDLE_LOADER = "$(TEST_HOST)";
				CODE_SIGN_STYLE = Automatic;
				DEVELOPMENT_TEAM = J9GFS4752H;
				INFOPLIST_FILE = ZFLayoutListViewTests/Info.plist;
				LD_RUNPATH_SEARCH_PATHS = "$(inherited) @executable_path/Frameworks @loader_path/Frameworks";
				PRODUCT_BUNDLE_IDENTIFIER = linzaifei.ZFLayoutListViewTests;
				PRODUCT_NAME = "$(TARGET_NAME)";
				TARGETED_DEVICE_FAMILY = "1,2";
				TEST_HOST = "$(BUILT_PRODUCTS_DIR)/ZFLayoutListView.app/ZFLayoutListView";
			};
			name = Debug;
		};
		CBD20FC91FD797D3009ED740 /* Release */ = {
			isa = XCBuildConfiguration;
			buildSettings = {
				BUNDLE_LOADER = "$(TEST_HOST)";
				CODE_SIGN_STYLE = Automatic;
				DEVELOPMENT_TEAM = J9GFS4752H;
				INFOPLIST_FILE = ZFLayoutListViewTests/Info.plist;
				LD_RUNPATH_SEARCH_PATHS = "$(inherited) @executable_path/Frameworks @loader_path/Frameworks";
				PRODUCT_BUNDLE_IDENTIFIER = linzaifei.ZFLayoutListViewTests;
				PRODUCT_NAME = "$(TARGET_NAME)";
				TARGETED_DEVICE_FAMILY = "1,2";
				TEST_HOST = "$(BUILT_PRODUCTS_DIR)/ZFLayoutListView.app/ZFLayoutListView";
			};
			name = Release;
		};
		CBD20FCB1FD797D3009ED740 /* Debug */ = {
			isa = XCBuildConfiguration;
			buildSettings = {
				CODE_SIGN_STYLE = Automatic;
				DEVELOPMENT_TEAM = J9GFS4752H;
				INFOPLIST_FILE = ZFLayoutListViewUITests/Info.plist;
				LD_RUNPATH_SEARCH_PATHS = "$(inherited) @executable_path/Frameworks @loader_path/Frameworks";
				PRODUCT_BUNDLE_IDENTIFIER = linzaifei.ZFLayoutListViewUITests;
				PRODUCT_NAME = "$(TARGET_NAME)";
				TARGETED_DEVICE_FAMILY = "1,2";
				TEST_TARGET_NAME = ZFLayoutListView;
			};
			name = Debug;
		};
		CBD20FCC1FD797D3009ED740 /* Release */ = {
			isa = XCBuildConfiguration;
			buildSettings = {
				CODE_SIGN_STYLE = Automatic;
				DEVELOPMENT_TEAM = J9GFS4752H;
				INFOPLIST_FILE = ZFLayoutListViewUITests/Info.plist;
				LD_RUNPATH_SEARCH_PATHS = "$(inherited) @executable_path/Frameworks @loader_path/Frameworks";
				PRODUCT_BUNDLE_IDENTIFIER = linzaifei.ZFLayoutListViewUITests;
				PRODUCT_NAME = "$(TARGET_NAME)";
				TARGETED_DEVICE_FAMILY = "1,2";
				TEST_TARGET_NAME = ZFLayoutListView;
			};
			name = Release;
		};
/* End XCBuildConfiguration section */

/* Begin XCConfigurationList section */
		CBD20F931FD797D3009ED740 /* Build configuration list for PBXProject "ZFLayoutListView" */ = {
			isa = XCConfigurationList;
			buildConfigurations = (
				CBD20FC21FD797D3009ED740 /* Debug */,
				CBD20FC31FD797D3009ED740 /* Release */,
			);
			defaultConfigurationIsVisible = 0;
			defaultConfigurationName = Release;
		};
		CBD20FC41FD797D3009ED740 /* Build configuration list for PBXNativeTarget "ZFLayoutListView" */ = {
			isa = XCConfigurationList;
			buildConfigurations = (
				CBD20FC51FD797D3009ED740 /* Debug */,
				CBD20FC61FD797D3009ED740 /* Release */,
			);
			defaultConfigurationIsVisible = 0;
			defaultConfigurationName = Release;
		};
		CBD20FC71FD797D3009ED740 /* Build configuration list for PBXNativeTarget "ZFLayoutListViewTests" */ = {
			isa = XCConfigurationList;
			buildConfigurations = (
				CBD20FC81FD797D3009ED740 /* Debug */,
				CBD20FC91FD797D3009ED740 /* Release */,
			);
			defaultConfigurationIsVisible = 0;
			defaultConfigurationName = Release;
		};
		CBD20FCA1FD797D3009ED740 /* Build configuration list for PBXNativeTarget "ZFLayoutListViewUITests" */ = {
			isa = XCConfigurationList;
			buildConfigurations = (
				CBD20FCB1FD797D3009ED740 /* Debug */,
				CBD20FCC1FD797D3009ED740 /* Release */,
			);
			defaultConfigurationIsVisible = 0;
			defaultConfigurationName = Release;
		};
/* End XCConfigurationList section */
	};
	rootObject = CBD20F901FD797D3009ED740 /* Project object */;
}
